// !$*UTF8*$!
{
	archiveVersion = 1;
	classes = {
	};
	objectVersion = 56;
	objects = {

/* Begin PBXBuildFile section */
		SD100001 /* StockDashboardApp.swift in Sources */ = {isa = PBXBuildFile; fileRef = SD200001 /* StockDashboardApp.swift */; };
		SD100002 /* ContentView.swift in Sources */ = {isa = PBXBuildFile; fileRef = SD200002 /* ContentView.swift */; };
		SD100003 /* StockWebView.swift in Sources */ = {isa = PBXBuildFile; fileRef = SD200003 /* StockWebView.swift */; };
		SD100004 /* StockServerConfig.swift in Sources */ = {isa = PBXBuildFile; fileRef = SD200004 /* StockServerConfig.swift */; };
		SD100005 /* Assets.xcassets in Resources */ = {isa = PBXBuildFile; fileRef = SD200005 /* Assets.xcassets */; };
/* End PBXBuildFile section */

/* Begin PBXFileReference section */
		SD200001 /* StockDashboardApp.swift */ = {isa = PBXFileReference; lastKnownFileType = sourcecode.swift; path = StockDashboardApp.swift; sourceTree = "<group>"; };
		SD200002 /* ContentView.swift */ = {isa = PBXFileReference; lastKnownFileType = sourcecode.swift; path = ContentView.swift; sourceTree = "<group>"; };
		SD200003 /* StockWebView.swift */ = {isa = PBXFileReference; lastKnownFileType = sourcecode.swift; path = StockWebView.swift; sourceTree = "<group>"; };
		SD200004 /* StockServerConfig.swift */ = {isa = PBXFileReference; lastKnownFileType = sourcecode.swift; path = StockServerConfig.swift; sourceTree = "<group>"; };
		SD200005 /* Assets.xcassets */ = {isa = PBXFileReference; lastKnownFileType = folder.assetcatalog; path = Assets.xcassets; sourceTree = "<group>"; };
		SD200006 /* Info.plist */ = {isa = PBXFileReference; lastKnownFileType = text.plist.xml; path = Info.plist; sourceTree = "<group>"; };
		SD300001 /* StockDashboard.app */ = {isa = PBXFileReference; explicitFileType = wrapper.application; includeInIndex = 0; path = StockDashboard.app; sourceTree = BUILT_PRODUCTS_DIR; };
/* End PBXFileReference section */

/* Begin PBXFrameworksBuildPhase section */
		SD400001 /* Frameworks */ = {
			isa = PBXFrameworksBuildPhase;
			buildActionMask = 2147483647;
			files = (
			);
			runOnlyForDeploymentPostprocessing = 0;
		};
/* End PBXFrameworksBuildPhase section */

/* Begin PBXGroup section */
		SD500001 = {
			isa = PBXGroup;
			children = (
				SD500002 /* StockDashboard */,
				SD500003 /* Products */,
			);
			sourceTree = "<group>";
		};
		SD500002 /* StockDashboard */ = {
			isa = PBXGroup;
			children = (
				SD200001 /* StockDashboardApp.swift */,
				SD200002 /* ContentView.swift */,
				SD200003 /* StockWebView.swift */,
				SD200004 /* StockServerConfig.swift */,
				SD200005 /* Assets.xcassets */,
				SD200006 /* Info.plist */,
			);
			path = StockDashboard;
			sourceTree = "<group>";
		};
		SD500003 /* Products */ = {
			isa = PBXGroup;
			children = (
				SD300001 /* StockDashboard.app */,
			);
			name = Products;
			sourceTree = "<group>";
		};
/* End PBXGroup section */

/* Begin PBXNativeTarget section */
		SD600001 /* StockDashboard */ = {
			isa = PBXNativeTarget;
			buildConfigurationList = SD700003 /* Build configuration list for PBXNativeTarget "StockDashboard" */;
			buildPhases = (
				SD600002 /* Sources */,
				SD400001 /* Frameworks */,
				SD600003 /* Resources */,
			);
			buildRules = (
			);
			dependencies = (
			);
			name = StockDashboard;
			productName = StockDashboard;
			productReference = SD300001 /* StockDashboard.app */;
			productType = "com.apple.product-type.application";
		};
/* End PBXNativeTarget section */

/* Begin PBXProject section */
		SD800001 /* Project object */ = {
			isa = PBXProject;
			attributes = {
				BuildIndependentTargetsInParallel = 1;
				LastSwiftUpdateCheck = 1500;
				LastUpgradeCheck = 1500;
				TargetAttributes = {
					SD600001 = {
						CreatedOnToolsVersion = 15.0;
					};
				};
			};
			buildConfigurationList = SD700001 /* Build configuration list for PBXProject "StockDashboard" */;
			compatibilityVersion = "Xcode 14.0";
			developmentRegion = ko;
			hasScannedForEncodings = 0;
			knownRegions = (
				en,
				ko,
				Base,
			);
			mainGroup = SD500001;
			productRefGroup = SD500003 /* Products */;
			projectDirPath = "";
			projectRoot = "";
			targets = (
				SD600001 /* StockDashboard */,
			);
		};
/* End PBXProject section */

/* Begin PBXResourcesBuildPhase section */
		SD600003 /* Resources */ = {
			isa = PBXResourcesBuildPhase;
			buildActionMask = 2147483647;
			files = (
				SD100005 /* Assets.xcassets in Resources */,
			);
			runOnlyForDeploymentPostprocessing = 0;
		};
/* End PBXResourcesBuildPhase section */

/* Begin PBXSourcesBuildPhase section */
		SD600002 /* Sources */ = {
			isa = PBXSourcesBuildPhase;
			buildActionMask = 2147483647;
			files = (
				SD100001 /* StockDashboardApp.swift in Sources */,
				SD100002 /* ContentView.swift in Sources */,
				SD100003 /* StockWebView.swift in Sources */,
				SD100004 /* StockServerConfig.swift in Sources */,
			);
			runOnlyForDeploymentPostprocessing = 0;
		};
/* End PBXSourcesBuildPhase section */

/* Begin XCBuildConfiguration section */
		SD900001 /* Debug */ = {
			isa = XCBuildConfiguration;
			buildSettings = {
				ALWAYS_SEARCH_USER_PATHS = NO;
				CLANG_ENABLE_MODULES = YES;
				CLANG_ENABLE_OBJC_ARC = YES;
				COPY_PHASE_STRIP = NO;
				DEBUG_INFORMATION_FORMAT = dwarf;
				ENABLE_TESTABILITY = YES;
				GCC_DYNAMIC_NO_PIC = NO;
				GCC_OPTIMIZATION_LEVEL = 0;
				GCC_PREPROCESSOR_DEFINITIONS = (
					"DEBUG=1",
					"$(inherited)",
				);
				IPHONEOS_DEPLOYMENT_TARGET = 15.0;
				MTL_ENABLE_DEBUG_INFO = INCLUDE_SOURCE;
				ONLY_ACTIVE_ARCH = YES;
				SDKROOT = iphoneos;
				SWIFT_ACTIVE_COMPILATION_CONDITIONS = DEBUG;
				SWIFT_OPTIMIZATION_LEVEL = "-Onone";
			};
			name = Debug;
		};
		SD900002 /* Release */ = {
			isa = XCBuildConfiguration;
			buildSettings = {
				ALWAYS_SEARCH_USER_PATHS = NO;
				CLANG_ENABLE_MODULES = YES;
				CLANG_ENABLE_OBJC_ARC = YES;
				COPY_PHASE_STRIP = NO;
				DEBUG_INFORMATION_FORMAT = "dwarf-with-dsym";
				ENABLE_NS_ASSERTIONS = NO;
				IPHONEOS_DEPLOYMENT_TARGET = 15.0;
				MTL_ENABLE_DEBUG_INFO = NO;
				SDKROOT = iphoneos;
				SWIFT_COMPILATION_MODE = wholemodule;
				VALIDATE_PRODUCT = YES;
			};
			name = Release;
		};
		SD900003 /* Debug */ = {
			isa = XCBuildConfiguration;
			buildSettings = {
				ASSETCATALOG_COMPILER_APPICON_NAME = AppIcon;
				CODE_SIGN_STYLE = Automatic;
				CURRENT_PROJECT_VERSION = 1;
				DEVELOPMENT_TEAM = "";
				GENERATE_INFOPLIST_FILE = NO;
				INFOPLIST_FILE = StockDashboard/Info.plist;
				INFOPLIST_KEY_UIApplicationSupportsIndirectInputEvents = YES;
				LD_RUNPATH_SEARCH_PATHS = (
					"$(inherited)",
					"@executable_path/Frameworks",
				);
				MARKETING_VERSION = 1.0.0;
				PRODUCT_BUNDLE_IDENTIFIER = com.stock.dashboard;
				PRODUCT_NAME = "$(TARGET_NAME)";
				SWIFT_EMIT_LOC_STRINGS = YES;
				SWIFT_VERSION = 5.0;
				TARGETED_DEVICE_FAMILY = "1,2";
			};
			name = Debug;
		};
		SD900004 /* Release */ = {
			isa = XCBuildConfiguration;
			buildSettings = {
				ASSETCATALOG_COMPILER_APPICON_NAME = AppIcon;
				CODE_SIGN_STYLE = Automatic;
				CURRENT_PROJECT_VERSION = 1;
				DEVELOPMENT_TEAM = "";
				GENERATE_INFOPLIST_FILE = NO;
				INFOPLIST_FILE = StockDashboard/Info.plist;
				INFOPLIST_KEY_UIApplicationSupportsIndirectInputEvents = YES;
				LD_RUNPATH_SEARCH_PATHS = (
					"$(inherited)",
					"@executable_path/Frameworks",
				);
				MARKETING_VERSION = 1.0.0;
				PRODUCT_BUNDLE_IDENTIFIER = com.stock.dashboard;
				PRODUCT_NAME = "$(TARGET_NAME)";
				SWIFT_EMIT_LOC_STRINGS = YES;
				SWIFT_VERSION = 5.0;
				TARGETED_DEVICE_FAMILY = "1,2";
			};
			name = Release;
		};
/* End XCBuildConfiguration section */

/* Begin XCConfigurationList section */
		SD700001 /* Build configuration list for PBXProject "StockDashboard" */ = {
			isa = XCConfigurationList;
			buildConfigurations = (
				SD900001 /* Debug */,
				SD900002 /* Release */,
			);
			defaultConfigurationIsVisible = 0;
			defaultConfigurationName = Release;
		};
		SD700003 /* Build configuration list for PBXNativeTarget "StockDashboard" */ = {
			isa = XCConfigurationList;
			buildConfigurations = (
				SD900003 /* Debug */,
				SD900004 /* Release */,
			);
			defaultConfigurationIsVisible = 0;
			defaultConfigurationName = Release;
		};
/* End XCConfigurationList section */
	};
	rootObject = SD800001 /* Project object */;
}
